
Microsoft Visual Studio Solution File, Format Version 12.00
# Visual Studio Version 16
VisualStudioVersion = 16.0.30804.86
MinimumVisualStudioVersion = 10.0.40219.1
Project("{FAE04EC0-301F-11D3-BF4B-00C04F79EFBC}") = "RealtyModel", "RealtyModel.csproj", "{B27E5A85-C100-41B6-814D-E59780CC3F5E}"
EndProject
Global
	GlobalSection(SolutionConfigurationPlatforms) = preSolution
		Debug|Any CPU = Debug|Any CPU
		Release|Any CPU = Release|Any CPU
	EndGlobalSection
	GlobalSection(ProjectConfigurationPlatforms) = postSolution
		{B27E5A85-C100-41B6-814D-E59780CC3F5E}.Debug|Any CPU.ActiveCfg = Debug|Any CPU
		{B27E5A85-C100-41B6-814D-E59780CC3F5E}.Debug|Any CPU.Build.0 = Debug|Any CPU
		{B27E5A85-C100-41B6-814D-E59780CC3F5E}.Release|Any CPU.ActiveCfg = Release|Any CPU
		{B27E5A85-C100-41B6-814D-E59780CC3F5E}.Release|Any CPU.Build.0 = Release|Any CPU
	EndGlobalSection
	GlobalSection(SolutionProperties) = preSolution
		HideSolutionNode = FALSE
	EndGlobalSection
	GlobalSection(ExtensibilityGlobals) = postSolution
		SolutionGuid = {B86ECDDB-68A9-4E88-A7A0-9EB31AB6D7C9}
	EndGlobalSection
EndGlobal
